// !$*UTF8*$!
{
	archiveVersion = 1;
	classes = {
	};
	objectVersion = 46;
	objects = {

/* Begin PBXBuildFile section */
		3702D015180CB23E00095CD1 /* OverlookMapViewController.m in Sources */ = {isa = PBXBuildFile; fileRef = 3702D014180CB23E00095CD1 /* OverlookMapViewController.m */; };
		3702D017180CB25A00095CD1 /* OverlookListViewControllerTests.m in Sources */ = {isa = PBXBuildFile; fileRef = 3702D016180CB25A00095CD1 /* OverlookListViewControllerTests.m */; };
		37083D7B180CC6930049FCC5 /* SkylineViewController.m in Sources */ = {isa = PBXBuildFile; fileRef = 37083D7A180CC6930049FCC5 /* SkylineViewController.m */; };
		37083D7D180CCE390049FCC5 /* SkylineViewControllerTests.m in Sources */ = {isa = PBXBuildFile; fileRef = 37083D7C180CCE390049FCC5 /* SkylineViewControllerTests.m */; };
		37083D80180CD3400049FCC5 /* TestSkylinePointTableCell.m in Sources */ = {isa = PBXBuildFile; fileRef = 37083D7F180CD3400049FCC5 /* TestSkylinePointTableCell.m */; };
		37083D83180CD8D70049FCC5 /* InterestPointDetailViewController.m in Sources */ = {isa = PBXBuildFile; fileRef = 37083D82180CD8D70049FCC5 /* InterestPointDetailViewController.m */; };
		37083D86180D9F290049FCC5 /* PlaceMapViewController.m in Sources */ = {isa = PBXBuildFile; fileRef = 37083D85180D9F290049FCC5 /* PlaceMapViewController.m */; };
		37083D89180DC6700049FCC5 /* PlaceCollectionViewController.m in Sources */ = {isa = PBXBuildFile; fileRef = 37083D88180DC6700049FCC5 /* PlaceCollectionViewController.m */; };
		37083D8C180DCC6A0049FCC5 /* ToggleContainerViewController.m in Sources */ = {isa = PBXBuildFile; fileRef = 37083D8B180DCC6A0049FCC5 /* ToggleContainerViewController.m */; };
		37083D8F180DD7510049FCC5 /* ToggleSegue.m in Sources */ = {isa = PBXBuildFile; fileRef = 37083D8E180DD7510049FCC5 /* ToggleSegue.m */; };
		370E1E7F180C374800844A63 /* Overlook.m in Sources */ = {isa = PBXBuildFile; fileRef = 370E1E7E180C374800844A63 /* Overlook.m */; };
		370E1E82180C375800844A63 /* SkylineDataFetcher.m in Sources */ = {isa = PBXBuildFile; fileRef = 370E1E81180C375800844A63 /* SkylineDataFetcher.m */; };
		370E1E85180C376900844A63 /* SkylinePointBuilder.m in Sources */ = {isa = PBXBuildFile; fileRef = 370E1E84180C376900844A63 /* SkylinePointBuilder.m */; };
		370E1E8A180C37E400844A63 /* OverlookTests.m in Sources */ = {isa = PBXBuildFile; fileRef = 370E1E89180C37E400844A63 /* OverlookTests.m */; };
		372A71B5180751F9006826D1 /* libOCMock.a in Frameworks */ = {isa = PBXBuildFile; fileRef = 372A71B3180751E4006826D1 /* libOCMock.a */; };
		372A71B718083682006826D1 /* AppDelegateTests.m in Sources */ = {isa = PBXBuildFile; fileRef = 372A71B618083682006826D1 /* AppDelegateTests.m */; };
		37353CB217E274EE0062B12A /* CoreLocation.framework in Frameworks */ = {isa = PBXBuildFile; fileRef = 37353CB117E274EE0062B12A /* CoreLocation.framework */; };
		37353CB417E352320062B12A /* PlaceFetchWorkflowTests.m in Sources */ = {isa = PBXBuildFile; fileRef = 37353CB317E352320062B12A /* PlaceFetchWorkflowTests.m */; };
		37353CB717E3546C0062B12A /* PlaceDataFetcher.m in Sources */ = {isa = PBXBuildFile; fileRef = 37353CB617E3546C0062B12A /* PlaceDataFetcher.m */; };
		374E223D17FEF9620051897F /* PlaceViewDataManagerTests.m in Sources */ = {isa = PBXBuildFile; fileRef = 374E223C17FEF9620051897F /* PlaceViewDataManagerTests.m */; };
		3761D6AE1802F887004BC847 /* PlaceDetailViewController.m in Sources */ = {isa = PBXBuildFile; fileRef = 3761D6AC1802F887004BC847 /* PlaceDetailViewController.m */; };
		3761D6B11802F911004BC847 /* PlaceDetailViewControllerTests.m in Sources */ = {isa = PBXBuildFile; fileRef = 3761D6B01802F911004BC847 /* PlaceDetailViewControllerTests.m */; };
		376F275717E23F1A00178A06 /* PlaceTests.m in Sources */ = {isa = PBXBuildFile; fileRef = 376F275617E23F1A00178A06 /* PlaceTests.m */; };
		376F275A17E23F7400178A06 /* Place.m in Sources */ = {isa = PBXBuildFile; fileRef = 376F275917E23F7400178A06 /* Place.m */; };
		3786658217EBBCB700F341C1 /* PlaceTableViewControllerTests.m in Sources */ = {isa = PBXBuildFile; fileRef = 3786658117EBBCB700F341C1 /* PlaceTableViewControllerTests.m */; };
		3786658517EBBDD400F341C1 /* PlaceViewDataManager.m in Sources */ = {isa = PBXBuildFile; fileRef = 3786658417EBBDD400F341C1 /* PlaceViewDataManager.m */; };
		3786658617EBBDD400F341C1 /* PlaceViewDataManager.m in Sources */ = {isa = PBXBuildFile; fileRef = 3786658417EBBDD400F341C1 /* PlaceViewDataManager.m */; };
		3786659517EBC4BE00F341C1 /* PlaceTableViewController.m in Sources */ = {isa = PBXBuildFile; fileRef = 3786659317EBC4BE00F341C1 /* PlaceTableViewController.m */; };
		3786CF5E180C759000C28B2F /* SkylineFetchWorkflowTests.m in Sources */ = {isa = PBXBuildFile; fileRef = 3786CF5D180C759000C28B2F /* SkylineFetchWorkflowTests.m */; };
		378F67CF180C3E2F00066E6B /* SkylinePointBuilderTests.m in Sources */ = {isa = PBXBuildFile; fileRef = 378F67CE180C3E2F00066E6B /* SkylinePointBuilderTests.m */; };
		378F67D2180C4ED600066E6B /* InterestPoint.m in Sources */ = {isa = PBXBuildFile; fileRef = 378F67D1180C4ED600066E6B /* InterestPoint.m */; };
		378F67D4180C4F8200066E6B /* InterestPointTests.m in Sources */ = {isa = PBXBuildFile; fileRef = 378F67D3180C4F8200066E6B /* InterestPointTests.m */; };
		379EDF8B17EA18A70044AF1F /* PlaceBuilderTests.m in Sources */ = {isa = PBXBuildFile; fileRef = 379EDF8A17EA18A70044AF1F /* PlaceBuilderTests.m */; };
		37B599FB17E359D700BFAA46 /* APICommunicator.m in Sources */ = {isa = PBXBuildFile; fileRef = 37B599FA17E359D700BFAA46 /* APICommunicator.m */; };
		37BEFB331808C9DA007EF741 /* PlaceTableViewCell.m in Sources */ = {isa = PBXBuildFile; fileRef = 37BEFB321808C9DA007EF741 /* PlaceTableViewCell.m */; };
		37D5D0A117E9FB9D0051A7B5 /* PlaceBuilder.m in Sources */ = {isa = PBXBuildFile; fileRef = 37D5D0A017E9FB9D0051A7B5 /* PlaceBuilder.m */; };
		37D5D0A517E9FBE00051A7B5 /* FakePlaceBuilder.m in Sources */ = {isa = PBXBuildFile; fileRef = 37D5D0A417E9FBE00051A7B5 /* FakePlaceBuilder.m */; };
		37E6EA7917E22BE7004976DC /* Foundation.framework in Frameworks */ = {isa = PBXBuildFile; fileRef = 37E6EA7817E22BE7004976DC /* Foundation.framework */; };
		37E6EA7B17E22BE7004976DC /* CoreGraphics.framework in Frameworks */ = {isa = PBXBuildFile; fileRef = 37E6EA7A17E22BE7004976DC /* CoreGraphics.framework */; };
		37E6EA7D17E22BE7004976DC /* UIKit.framework in Frameworks */ = {isa = PBXBuildFile; fileRef = 37E6EA7C17E22BE7004976DC /* UIKit.framework */; };
		37E6EA8317E22BE7004976DC /* InfoPlist.strings in Resources */ = {isa = PBXBuildFile; fileRef = 37E6EA8117E22BE7004976DC /* InfoPlist.strings */; };
		37E6EA8517E22BE7004976DC /* main.m in Sources */ = {isa = PBXBuildFile; fileRef = 37E6EA8417E22BE7004976DC /* main.m */; };
		37E6EA8917E22BE7004976DC /* AppDelegate.m in Sources */ = {isa = PBXBuildFile; fileRef = 37E6EA8817E22BE7004976DC /* AppDelegate.m */; };
		37E6EA8C17E22BE7004976DC /* Main.storyboard in Resources */ = {isa = PBXBuildFile; fileRef = 37E6EA8A17E22BE7004976DC /* Main.storyboard */; };
		37E6EA9417E22BE7004976DC /* Images.xcassets in Resources */ = {isa = PBXBuildFile; fileRef = 37E6EA9317E22BE7004976DC /* Images.xcassets */; };
		37E6EA9B17E22BE7004976DC /* XCTest.framework in Frameworks */ = {isa = PBXBuildFile; fileRef = 37E6EA9A17E22BE7004976DC /* XCTest.framework */; };
		37E6EA9C17E22BE7004976DC /* Foundation.framework in Frameworks */ = {isa = PBXBuildFile; fileRef = 37E6EA7817E22BE7004976DC /* Foundation.framework */; };
		37E6EA9D17E22BE7004976DC /* UIKit.framework in Frameworks */ = {isa = PBXBuildFile; fileRef = 37E6EA7C17E22BE7004976DC /* UIKit.framework */; };
		37E6EAA517E22BE7004976DC /* InfoPlist.strings in Resources */ = {isa = PBXBuildFile; fileRef = 37E6EAA317E22BE7004976DC /* InfoPlist.strings */; };
		37E909F117EA5A4E000C65A3 /* APICommunicatorTests.m in Sources */ = {isa = PBXBuildFile; fileRef = 37E909F017EA5A4E000C65A3 /* APICommunicatorTests.m */; };
		37E909F417EA5AD2000C65A3 /* InspectableAPICommunicator.m in Sources */ = {isa = PBXBuildFile; fileRef = 37E909F317EA5AD2000C65A3 /* InspectableAPICommunicator.m */; };
		37E909F717EB5792000C65A3 /* NonNetworkedAPICommunicator.m in Sources */ = {isa = PBXBuildFile; fileRef = 37E909F617EB5792000C65A3 /* NonNetworkedAPICommunicator.m */; };
		37EF1CE8180C55380096467B /* SkylinePoint.m in Sources */ = {isa = PBXBuildFile; fileRef = 37EF1CE7180C55380096467B /* SkylinePoint.m */; };
		37EF1CEA180C5BB30096467B /* SkylinePointTest.m in Sources */ = {isa = PBXBuildFile; fileRef = 37EF1CE9180C5BB30096467B /* SkylinePointTest.m */; };
		37FEB15718060BD100F9F3A5 /* MapKit.framework in Frameworks */ = {isa = PBXBuildFile; fileRef = 37FEB15618060BD100F9F3A5 /* MapKit.framework */; };
/* End PBXBuildFile section */

/* Begin PBXContainerItemProxy section */
		37E6EA9E17E22BE7004976DC /* PBXContainerItemProxy */ = {
			isa = PBXContainerItemProxy;
			containerPortal = 37E6EA6D17E22BE7004976DC /* Project object */;
			proxyType = 1;
			remoteGlobalIDString = 37E6EA7417E22BE7004976DC;
			remoteInfo = MWCDCApp;
		};
/* End PBXContainerItemProxy section */

/* Begin PBXFileReference section */
		3702D013180CB23E00095CD1 /* OverlookMapViewController.h */ = {isa = PBXFileReference; fileEncoding = 4; lastKnownFileType = sourcecode.c.h; path = OverlookMapViewController.h; sourceTree = "<group>"; };
		3702D014180CB23E00095CD1 /* OverlookMapViewController.m */ = {isa = PBXFileReference; fileEncoding = 4; lastKnownFileType = sourcecode.c.objc; path = OverlookMapViewController.m; sourceTree = "<group>"; };
		3702D016180CB25A00095CD1 /* OverlookListViewControllerTests.m */ = {isa = PBXFileReference; fileEncoding = 4; lastKnownFileType = sourcecode.c.objc; path = OverlookListViewControllerTests.m; sourceTree = "<group>"; };
		37083D79180CC6930049FCC5 /* SkylineViewController.h */ = {isa = PBXFileReference; fileEncoding = 4; lastKnownFileType = sourcecode.c.h; path = SkylineViewController.h; sourceTree = "<group>"; };
		37083D7A180CC6930049FCC5 /* SkylineViewController.m */ = {isa = PBXFileReference; fileEncoding = 4; lastKnownFileType = sourcecode.c.objc; path = SkylineViewController.m; sourceTree = "<group>"; };
		37083D7C180CCE390049FCC5 /* SkylineViewControllerTests.m */ = {isa = PBXFileReference; fileEncoding = 4; lastKnownFileType = sourcecode.c.objc; path = SkylineViewControllerTests.m; sourceTree = "<group>"; };
		37083D7E180CD3400049FCC5 /* TestSkylinePointTableCell.h */ = {isa = PBXFileReference; fileEncoding = 4; lastKnownFileType = sourcecode.c.h; path = TestSkylinePointTableCell.h; sourceTree = "<group>"; };
		37083D7F180CD3400049FCC5 /* TestSkylinePointTableCell.m */ = {isa = PBXFileReference; fileEncoding = 4; lastKnownFileType = sourcecode.c.objc; path = TestSkylinePointTableCell.m; sourceTree = "<group>"; };
		37083D81180CD8D70049FCC5 /* InterestPointDetailViewController.h */ = {isa = PBXFileReference; fileEncoding = 4; lastKnownFileType = sourcecode.c.h; path = InterestPointDetailViewController.h; sourceTree = "<group>"; };
		37083D82180CD8D70049FCC5 /* InterestPointDetailViewController.m */ = {isa = PBXFileReference; fileEncoding = 4; lastKnownFileType = sourcecode.c.objc; path = InterestPointDetailViewController.m; sourceTree = "<group>"; };
		37083D84180D9F290049FCC5 /* PlaceMapViewController.h */ = {isa = PBXFileReference; fileEncoding = 4; lastKnownFileType = sourcecode.c.h; path = PlaceMapViewController.h; sourceTree = "<group>"; };
		37083D85180D9F290049FCC5 /* PlaceMapViewController.m */ = {isa = PBXFileReference; fileEncoding = 4; lastKnownFileType = sourcecode.c.objc; path = PlaceMapViewController.m; sourceTree = "<group>"; };
		37083D87180DC6700049FCC5 /* PlaceCollectionViewController.h */ = {isa = PBXFileReference; fileEncoding = 4; lastKnownFileType = sourcecode.c.h; path = PlaceCollectionViewController.h; sourceTree = "<group>"; };
		37083D88180DC6700049FCC5 /* PlaceCollectionViewController.m */ = {isa = PBXFileReference; fileEncoding = 4; lastKnownFileType = sourcecode.c.objc; path = PlaceCollectionViewController.m; sourceTree = "<group>"; };
		37083D8A180DCC6A0049FCC5 /* ToggleContainerViewController.h */ = {isa = PBXFileReference; fileEncoding = 4; lastKnownFileType = sourcecode.c.h; path = ToggleContainerViewController.h; sourceTree = "<group>"; };
		37083D8B180DCC6A0049FCC5 /* ToggleContainerViewController.m */ = {isa = PBXFileReference; fileEncoding = 4; lastKnownFileType = sourcecode.c.objc; path = ToggleContainerViewController.m; sourceTree = "<group>"; };
		37083D8D180DD7510049FCC5 /* ToggleSegue.h */ = {isa = PBXFileReference; fileEncoding = 4; lastKnownFileType = sourcecode.c.h; path = ToggleSegue.h; sourceTree = "<group>"; };
		37083D8E180DD7510049FCC5 /* ToggleSegue.m */ = {isa = PBXFileReference; fileEncoding = 4; lastKnownFileType = sourcecode.c.objc; path = ToggleSegue.m; sourceTree = "<group>"; };
		370E1E7D180C374800844A63 /* Overlook.h */ = {isa = PBXFileReference; fileEncoding = 4; lastKnownFileType = sourcecode.c.h; path = Overlook.h; sourceTree = "<group>"; };
		370E1E7E180C374800844A63 /* Overlook.m */ = {isa = PBXFileReference; fileEncoding = 4; lastKnownFileType = sourcecode.c.objc; path = Overlook.m; sourceTree = "<group>"; };
		370E1E80180C375800844A63 /* SkylineDataFetcher.h */ = {isa = PBXFileReference; fileEncoding = 4; lastKnownFileType = sourcecode.c.h; path = SkylineDataFetcher.h; sourceTree = "<group>"; };
		370E1E81180C375800844A63 /* SkylineDataFetcher.m */ = {isa = PBXFileReference; fileEncoding = 4; lastKnownFileType = sourcecode.c.objc; path = SkylineDataFetcher.m; sourceTree = "<group>"; };
		370E1E83180C376900844A63 /* SkylinePointBuilder.h */ = {isa = PBXFileReference; fileEncoding = 4; lastKnownFileType = sourcecode.c.h; path = SkylinePointBuilder.h; sourceTree = "<group>"; };
		370E1E84180C376900844A63 /* SkylinePointBuilder.m */ = {isa = PBXFileReference; fileEncoding = 4; lastKnownFileType = sourcecode.c.objc; path = SkylinePointBuilder.m; sourceTree = "<group>"; };
		370E1E87180C379B00844A63 /* SkylineDataFetcherDelegate.h */ = {isa = PBXFileReference; lastKnownFileType = sourcecode.c.h; path = SkylineDataFetcherDelegate.h; sourceTree = "<group>"; };
		370E1E89180C37E400844A63 /* OverlookTests.m */ = {isa = PBXFileReference; fileEncoding = 4; lastKnownFileType = sourcecode.c.objc; path = OverlookTests.m; sourceTree = "<group>"; };
		372A71B3180751E4006826D1 /* libOCMock.a */ = {isa = PBXFileReference; lastKnownFileType = archive.ar; name = libOCMock.a; path = usr/lib/libOCMock.a; sourceTree = "<group>"; };
		372A71B618083682006826D1 /* AppDelegateTests.m */ = {isa = PBXFileReference; fileEncoding = 4; lastKnownFileType = sourcecode.c.objc; path = AppDelegateTests.m; sourceTree = "<group>"; };
		37353CB117E274EE0062B12A /* CoreLocation.framework */ = {isa = PBXFileReference; lastKnownFileType = wrapper.framework; name = CoreLocation.framework; path = System/Library/Frameworks/CoreLocation.framework; sourceTree = SDKROOT; };
		37353CB317E352320062B12A /* PlaceFetchWorkflowTests.m */ = {isa = PBXFileReference; fileEncoding = 4; lastKnownFileType = sourcecode.c.objc; path = PlaceFetchWorkflowTests.m; sourceTree = "<group>"; };
		37353CB517E3546C0062B12A /* PlaceDataFetcher.h */ = {isa = PBXFileReference; fileEncoding = 4; lastKnownFileType = sourcecode.c.h; name = PlaceDataFetcher.h; path = MWCDCApp/PlaceDataFetcher.h; sourceTree = SOURCE_ROOT; };
		37353CB617E3546C0062B12A /* PlaceDataFetcher.m */ = {isa = PBXFileReference; fileEncoding = 4; lastKnownFileType = sourcecode.c.objc; name = PlaceDataFetcher.m; path = MWCDCApp/PlaceDataFetcher.m; sourceTree = SOURCE_ROOT; };
		37353CBA17E354FE0062B12A /* PlaceDataFetcherDelegate.h */ = {isa = PBXFileReference; fileEncoding = 4; lastKnownFileType = sourcecode.c.h; path = PlaceDataFetcherDelegate.h; sourceTree = "<group>"; };
		374E223C17FEF9620051897F /* PlaceViewDataManagerTests.m */ = {isa = PBXFileReference; fileEncoding = 4; lastKnownFileType = sourcecode.c.objc; path = PlaceViewDataManagerTests.m; sourceTree = "<group>"; };
		3761D6AB1802F887004BC847 /* PlaceDetailViewController.h */ = {isa = PBXFileReference; fileEncoding = 4; lastKnownFileType = sourcecode.c.h; path = PlaceDetailViewController.h; sourceTree = "<group>"; };
		3761D6AC1802F887004BC847 /* PlaceDetailViewController.m */ = {isa = PBXFileReference; fileEncoding = 4; lastKnownFileType = sourcecode.c.objc; path = PlaceDetailViewController.m; sourceTree = "<group>"; };
		3761D6B01802F911004BC847 /* PlaceDetailViewControllerTests.m */ = {isa = PBXFileReference; fileEncoding = 4; lastKnownFileType = sourcecode.c.objc; path = PlaceDetailViewControllerTests.m; sourceTree = "<group>"; };
		376F275617E23F1A00178A06 /* PlaceTests.m */ = {isa = PBXFileReference; fileEncoding = 4; lastKnownFileType = sourcecode.c.objc; path = PlaceTests.m; sourceTree = "<group>"; };
		376F275817E23F7400178A06 /* Place.h */ = {isa = PBXFileReference; fileEncoding = 4; lastKnownFileType = sourcecode.c.h; path = Place.h; sourceTree = "<group>"; };
		376F275917E23F7400178A06 /* Place.m */ = {isa = PBXFileReference; fileEncoding = 4; lastKnownFileType = sourcecode.c.objc; path = Place.m; sourceTree = "<group>"; };
		3786658117EBBCB700F341C1 /* PlaceTableViewControllerTests.m */ = {isa = PBXFileReference; fileEncoding = 4; lastKnownFileType = sourcecode.c.objc; path = PlaceTableViewControllerTests.m; sourceTree = "<group>"; };
		3786658317EBBDD400F341C1 /* PlaceViewDataManager.h */ = {isa = PBXFileReference; fileEncoding = 4; lastKnownFileType = sourcecode.c.h; name = PlaceViewDataManager.h; path = MWCDCAppTests/PlaceViewDataManager.h; sourceTree = SOURCE_ROOT; };
		3786658417EBBDD400F341C1 /* PlaceViewDataManager.m */ = {isa = PBXFileReference; fileEncoding = 4; lastKnownFileType = sourcecode.c.objc; name = PlaceViewDataManager.m; path = MWCDCAppTests/PlaceViewDataManager.m; sourceTree = SOURCE_ROOT; };
		3786659217EBC4BE00F341C1 /* PlaceTableViewController.h */ = {isa = PBXFileReference; fileEncoding = 4; lastKnownFileType = sourcecode.c.h; path = PlaceTableViewController.h; sourceTree = "<group>"; };
		3786659317EBC4BE00F341C1 /* PlaceTableViewController.m */ = {isa = PBXFileReference; fileEncoding = 4; lastKnownFileType = sourcecode.c.objc; path = PlaceTableViewController.m; sourceTree = "<group>"; };
		3786CF5D180C759000C28B2F /* SkylineFetchWorkflowTests.m */ = {isa = PBXFileReference; fileEncoding = 4; lastKnownFileType = sourcecode.c.objc; path = SkylineFetchWorkflowTests.m; sourceTree = "<group>"; };
		378F67CE180C3E2F00066E6B /* SkylinePointBuilderTests.m */ = {isa = PBXFileReference; fileEncoding = 4; lastKnownFileType = sourcecode.c.objc; path = SkylinePointBuilderTests.m; sourceTree = "<group>"; };
		378F67D0180C4ED600066E6B /* InterestPoint.h */ = {isa = PBXFileReference; fileEncoding = 4; lastKnownFileType = sourcecode.c.h; path = InterestPoint.h; sourceTree = "<group>"; };
		378F67D1180C4ED600066E6B /* InterestPoint.m */ = {isa = PBXFileReference; fileEncoding = 4; lastKnownFileType = sourcecode.c.objc; path = InterestPoint.m; sourceTree = "<group>"; };
		378F67D3180C4F8200066E6B /* InterestPointTests.m */ = {isa = PBXFileReference; fileEncoding = 4; lastKnownFileType = sourcecode.c.objc; path = InterestPointTests.m; sourceTree = "<group>"; };
		379EDF8A17EA18A70044AF1F /* PlaceBuilderTests.m */ = {isa = PBXFileReference; fileEncoding = 4; lastKnownFileType = sourcecode.c.objc; path = PlaceBuilderTests.m; sourceTree = "<group>"; };
		37B599F917E359D700BFAA46 /* APICommunicator.h */ = {isa = PBXFileReference; fileEncoding = 4; lastKnownFileType = sourcecode.c.h; path = APICommunicator.h; sourceTree = "<group>"; };
		37B599FA17E359D700BFAA46 /* APICommunicator.m */ = {isa = PBXFileReference; fileEncoding = 4; lastKnownFileType = sourcecode.c.objc; path = APICommunicator.m; sourceTree = "<group>"; };
		37BEFB311808C9DA007EF741 /* PlaceTableViewCell.h */ = {isa = PBXFileReference; fileEncoding = 4; lastKnownFileType = sourcecode.c.h; path = PlaceTableViewCell.h; sourceTree = "<group>"; };
		37BEFB321808C9DA007EF741 /* PlaceTableViewCell.m */ = {isa = PBXFileReference; fileEncoding = 4; lastKnownFileType = sourcecode.c.objc; path = PlaceTableViewCell.m; sourceTree = "<group>"; };
		37D5D09F17E9FB9D0051A7B5 /* PlaceBuilder.h */ = {isa = PBXFileReference; fileEncoding = 4; lastKnownFileType = sourcecode.c.h; path = PlaceBuilder.h; sourceTree = "<group>"; };
		37D5D0A017E9FB9D0051A7B5 /* PlaceBuilder.m */ = {isa = PBXFileReference; fileEncoding = 4; lastKnownFileType = sourcecode.c.objc; path = PlaceBuilder.m; sourceTree = "<group>"; };
		37D5D0A317E9FBE00051A7B5 /* FakePlaceBuilder.h */ = {isa = PBXFileReference; fileEncoding = 4; lastKnownFileType = sourcecode.c.h; path = FakePlaceBuilder.h; sourceTree = "<group>"; };
		37D5D0A417E9FBE00051A7B5 /* FakePlaceBuilder.m */ = {isa = PBXFileReference; fileEncoding = 4; lastKnownFileType = sourcecode.c.objc; path = FakePlaceBuilder.m; sourceTree = "<group>"; };
		37E6EA7517E22BE7004976DC /* MWCDCApp.app */ = {isa = PBXFileReference; explicitFileType = wrapper.application; includeInIndex = 0; path = MWCDCApp.app; sourceTree = BUILT_PRODUCTS_DIR; };
		37E6EA7817E22BE7004976DC /* Foundation.framework */ = {isa = PBXFileReference; lastKnownFileType = wrapper.framework; name = Foundation.framework; path = System/Library/Frameworks/Foundation.framework; sourceTree = SDKROOT; };
		37E6EA7A17E22BE7004976DC /* CoreGraphics.framework */ = {isa = PBXFileReference; lastKnownFileType = wrapper.framework; name = CoreGraphics.framework; path = System/Library/Frameworks/CoreGraphics.framework; sourceTree = SDKROOT; };
		37E6EA7C17E22BE7004976DC /* UIKit.framework */ = {isa = PBXFileReference; lastKnownFileType = wrapper.framework; name = UIKit.framework; path = System/Library/Frameworks/UIKit.framework; sourceTree = SDKROOT; };
		37E6EA8017E22BE7004976DC /* MWCDCApp-Info.plist */ = {isa = PBXFileReference; lastKnownFileType = text.plist.xml; path = "MWCDCApp-Info.plist"; sourceTree = "<group>"; };
		37E6EA8217E22BE7004976DC /* en */ = {isa = PBXFileReference; lastKnownFileType = text.plist.strings; name = en; path = en.lproj/InfoPlist.strings; sourceTree = "<group>"; };
		37E6EA8417E22BE7004976DC /* main.m */ = {isa = PBXFileReference; lastKnownFileType = sourcecode.c.objc; path = main.m; sourceTree = "<group>"; };
		37E6EA8617E22BE7004976DC /* MWCDCApp-Prefix.pch */ = {isa = PBXFileReference; lastKnownFileType = sourcecode.c.h; path = "MWCDCApp-Prefix.pch"; sourceTree = "<group>"; };
		37E6EA8717E22BE7004976DC /* AppDelegate.h */ = {isa = PBXFileReference; lastKnownFileType = sourcecode.c.h; path = AppDelegate.h; sourceTree = "<group>"; };
		37E6EA8817E22BE7004976DC /* AppDelegate.m */ = {isa = PBXFileReference; lastKnownFileType = sourcecode.c.objc; path = AppDelegate.m; sourceTree = "<group>"; };
		37E6EA8B17E22BE7004976DC /* Base */ = {isa = PBXFileReference; lastKnownFileType = file.storyboard; name = Base; path = Base.lproj/Main.storyboard; sourceTree = "<group>"; };
		37E6EA9317E22BE7004976DC /* Images.xcassets */ = {isa = PBXFileReference; lastKnownFileType = folder.assetcatalog; path = Images.xcassets; sourceTree = "<group>"; };
		37E6EA9917E22BE7004976DC /* MWCDCAppTests.xctest */ = {isa = PBXFileReference; explicitFileType = wrapper.cfbundle; includeInIndex = 0; path = MWCDCAppTests.xctest; sourceTree = BUILT_PRODUCTS_DIR; };
		37E6EA9A17E22BE7004976DC /* XCTest.framework */ = {isa = PBXFileReference; lastKnownFileType = wrapper.framework; name = XCTest.framework; path = Library/Frameworks/XCTest.framework; sourceTree = DEVELOPER_DIR; };
		37E6EAA217E22BE7004976DC /* MWCDCAppTests-Info.plist */ = {isa = PBXFileReference; lastKnownFileType = text.plist.xml; path = "MWCDCAppTests-Info.plist"; sourceTree = "<group>"; };
		37E6EAA417E22BE7004976DC /* en */ = {isa = PBXFileReference; lastKnownFileType = text.plist.strings; name = en; path = en.lproj/InfoPlist.strings; sourceTree = "<group>"; };
		37E909F017EA5A4E000C65A3 /* APICommunicatorTests.m */ = {isa = PBXFileReference; fileEncoding = 4; lastKnownFileType = sourcecode.c.objc; path = APICommunicatorTests.m; sourceTree = "<group>"; };
		37E909F217EA5AD2000C65A3 /* InspectableAPICommunicator.h */ = {isa = PBXFileReference; fileEncoding = 4; lastKnownFileType = sourcecode.c.h; path = InspectableAPICommunicator.h; sourceTree = "<group>"; };
		37E909F317EA5AD2000C65A3 /* InspectableAPICommunicator.m */ = {isa = PBXFileReference; fileEncoding = 4; lastKnownFileType = sourcecode.c.objc; path = InspectableAPICommunicator.m; sourceTree = "<group>"; };
		37E909F517EB5792000C65A3 /* NonNetworkedAPICommunicator.h */ = {isa = PBXFileReference; fileEncoding = 4; lastKnownFileType = sourcecode.c.h; path = NonNetworkedAPICommunicator.h; sourceTree = "<group>"; };
		37E909F617EB5792000C65A3 /* NonNetworkedAPICommunicator.m */ = {isa = PBXFileReference; fileEncoding = 4; lastKnownFileType = sourcecode.c.objc; path = NonNetworkedAPICommunicator.m; sourceTree = "<group>"; };
		37E909FC17EB5E71000C65A3 /* APICommunicatorDelegate.h */ = {isa = PBXFileReference; fileEncoding = 4; lastKnownFileType = sourcecode.c.h; path = APICommunicatorDelegate.h; sourceTree = "<group>"; };
		37EF1CE6180C55380096467B /* SkylinePoint.h */ = {isa = PBXFileReference; fileEncoding = 4; lastKnownFileType = sourcecode.c.h; path = SkylinePoint.h; sourceTree = "<group>"; };
		37EF1CE7180C55380096467B /* SkylinePoint.m */ = {isa = PBXFileReference; fileEncoding = 4; lastKnownFileType = sourcecode.c.objc; path = SkylinePoint.m; sourceTree = "<group>"; };
		37EF1CE9180C5BB30096467B /* SkylinePointTest.m */ = {isa = PBXFileReference; fileEncoding = 4; lastKnownFileType = sourcecode.c.objc; path = SkylinePointTest.m; sourceTree = "<group>"; };
		37FEB15618060BD100F9F3A5 /* MapKit.framework */ = {isa = PBXFileReference; lastKnownFileType = wrapper.framework; name = MapKit.framework; path = System/Library/Frameworks/MapKit.framework; sourceTree = SDKROOT; };
/* End PBXFileReference section */

/* Begin PBXFrameworksBuildPhase section */
		37E6EA7217E22BE7004976DC /* Frameworks */ = {
			isa = PBXFrameworksBuildPhase;
			buildActionMask = 2147483647;
			files = (
				37FEB15718060BD100F9F3A5 /* MapKit.framework in Frameworks */,
				37353CB217E274EE0062B12A /* CoreLocation.framework in Frameworks */,
				37E6EA7B17E22BE7004976DC /* CoreGraphics.framework in Frameworks */,
				37E6EA7D17E22BE7004976DC /* UIKit.framework in Frameworks */,
				37E6EA7917E22BE7004976DC /* Foundation.framework in Frameworks */,
			);
			runOnlyForDeploymentPostprocessing = 0;
		};
		37E6EA9617E22BE7004976DC /* Frameworks */ = {
			isa = PBXFrameworksBuildPhase;
			buildActionMask = 2147483647;
			files = (
				372A71B5180751F9006826D1 /* libOCMock.a in Frameworks */,
				37E6EA9B17E22BE7004976DC /* XCTest.framework in Frameworks */,
				37E6EA9D17E22BE7004976DC /* UIKit.framework in Frameworks */,
				37E6EA9C17E22BE7004976DC /* Foundation.framework in Frameworks */,
			);
			runOnlyForDeploymentPostprocessing = 0;
		};
/* End PBXFrameworksBuildPhase section */

/* Begin PBXGroup section */
		3702D012180CB21E00095CD1 /* Controllers */ = {
			isa = PBXGroup;
			children = (
				3702D013180CB23E00095CD1 /* OverlookMapViewController.h */,
				3702D014180CB23E00095CD1 /* OverlookMapViewController.m */,
				37083D79180CC6930049FCC5 /* SkylineViewController.h */,
				37083D7A180CC6930049FCC5 /* SkylineViewController.m */,
				37083D7E180CD3400049FCC5 /* TestSkylinePointTableCell.h */,
				37083D7F180CD3400049FCC5 /* TestSkylinePointTableCell.m */,
				37083D81180CD8D70049FCC5 /* InterestPointDetailViewController.h */,
				37083D82180CD8D70049FCC5 /* InterestPointDetailViewController.m */,
			);
			name = Controllers;
			sourceTree = "<group>";
		};
		370E1E7C180C36EC00844A63 /* Overlooks */ = {
			isa = PBXGroup;
			children = (
				3702D012180CB21E00095CD1 /* Controllers */,
				370E1E86180C377E00844A63 /* Data */,
			);
			name = Overlooks;
			sourceTree = "<group>";
		};
		370E1E86180C377E00844A63 /* Data */ = {
			isa = PBXGroup;
			children = (
				370E1E7D180C374800844A63 /* Overlook.h */,
				370E1E7E180C374800844A63 /* Overlook.m */,
				378F67D0180C4ED600066E6B /* InterestPoint.h */,
				378F67D1180C4ED600066E6B /* InterestPoint.m */,
				37EF1CE6180C55380096467B /* SkylinePoint.h */,
				37EF1CE7180C55380096467B /* SkylinePoint.m */,
				370E1E80180C375800844A63 /* SkylineDataFetcher.h */,
				370E1E81180C375800844A63 /* SkylineDataFetcher.m */,
				370E1E87180C379B00844A63 /* SkylineDataFetcherDelegate.h */,
				370E1E83180C376900844A63 /* SkylinePointBuilder.h */,
				370E1E84180C376900844A63 /* SkylinePointBuilder.m */,
			);
			name = Data;
			sourceTree = "<group>";
		};
		370E1E88180C37D300844A63 /* Overlooks */ = {
			isa = PBXGroup;
			children = (
				370E1E89180C37E400844A63 /* OverlookTests.m */,
				378F67D3180C4F8200066E6B /* InterestPointTests.m */,
				37EF1CE9180C5BB30096467B /* SkylinePointTest.m */,
				378F67CE180C3E2F00066E6B /* SkylinePointBuilderTests.m */,
				3786CF5D180C759000C28B2F /* SkylineFetchWorkflowTests.m */,
				3702D016180CB25A00095CD1 /* OverlookListViewControllerTests.m */,
				37083D7C180CCE390049FCC5 /* SkylineViewControllerTests.m */,
			);
			name = Overlooks;
			sourceTree = "<group>";
		};
		37353CB917E354BF0062B12A /* Places */ = {
			isa = PBXGroup;
			children = (
				37BEFB301808C9BF007EF741 /* Views */,
				37BEFB2F1808C60C007EF741 /* Data */,
				37BEFB2E1808C5FE007EF741 /* Controllers */,
			);
			name = Places;
			sourceTree = "<group>";
		};
		375C3C5E17EBA83300CB1B03 /* API */ = {
			isa = PBXGroup;
			children = (
				37B599F917E359D700BFAA46 /* APICommunicator.h */,
				37B599FA17E359D700BFAA46 /* APICommunicator.m */,
				37E909FC17EB5E71000C65A3 /* APICommunicatorDelegate.h */,
			);
			name = API;
			sourceTree = "<group>";
		};
		375C3C5F17EBA85400CB1B03 /* Mocks */ = {
			isa = PBXGroup;
			children = (
				37D5D0A317E9FBE00051A7B5 /* FakePlaceBuilder.h */,
				37D5D0A417E9FBE00051A7B5 /* FakePlaceBuilder.m */,
			);
			name = Mocks;
			sourceTree = "<group>";
		};
		375C3C6017EBA86B00CB1B03 /* API */ = {
			isa = PBXGroup;
			children = (
				37B599FE17E35A1D00BFAA46 /* Mocks */,
				37E909F017EA5A4E000C65A3 /* APICommunicatorTests.m */,
			);
			name = API;
			sourceTree = "<group>";
		};
		37B599FD17E35A0D00BFAA46 /* Places */ = {
			isa = PBXGroup;
			children = (
				375C3C5F17EBA85400CB1B03 /* Mocks */,
				376F275617E23F1A00178A06 /* PlaceTests.m */,
				374E223C17FEF9620051897F /* PlaceViewDataManagerTests.m */,
				37353CB317E352320062B12A /* PlaceFetchWorkflowTests.m */,
				379EDF8A17EA18A70044AF1F /* PlaceBuilderTests.m */,
				3786658117EBBCB700F341C1 /* PlaceTableViewControllerTests.m */,
				3761D6B01802F911004BC847 /* PlaceDetailViewControllerTests.m */,
			);
			name = Places;
			sourceTree = "<group>";
		};
		37B599FE17E35A1D00BFAA46 /* Mocks */ = {
			isa = PBXGroup;
			children = (
				37E909F217EA5AD2000C65A3 /* InspectableAPICommunicator.h */,
				37E909F317EA5AD2000C65A3 /* InspectableAPICommunicator.m */,
				37E909F517EB5792000C65A3 /* NonNetworkedAPICommunicator.h */,
				37E909F617EB5792000C65A3 /* NonNetworkedAPICommunicator.m */,
			);
			name = Mocks;
			sourceTree = "<group>";
		};
		37BEFB2E1808C5FE007EF741 /* Controllers */ = {
			isa = PBXGroup;
			children = (
				3786658317EBBDD400F341C1 /* PlaceViewDataManager.h */,
				3786658417EBBDD400F341C1 /* PlaceViewDataManager.m */,
				3786659217EBC4BE00F341C1 /* PlaceTableViewController.h */,
				3786659317EBC4BE00F341C1 /* PlaceTableViewController.m */,
				37083D84180D9F290049FCC5 /* PlaceMapViewController.h */,
				37083D85180D9F290049FCC5 /* PlaceMapViewController.m */,
				3761D6AB1802F887004BC847 /* PlaceDetailViewController.h */,
				3761D6AC1802F887004BC847 /* PlaceDetailViewController.m */,
				37083D87180DC6700049FCC5 /* PlaceCollectionViewController.h */,
				37083D88180DC6700049FCC5 /* PlaceCollectionViewController.m */,
				37083D8A180DCC6A0049FCC5 /* ToggleContainerViewController.h */,
				37083D8B180DCC6A0049FCC5 /* ToggleContainerViewController.m */,
				37083D8D180DD7510049FCC5 /* ToggleSegue.h */,
				37083D8E180DD7510049FCC5 /* ToggleSegue.m */,
			);
			name = Controllers;
			sourceTree = "<group>";
		};
		37BEFB2F1808C60C007EF741 /* Data */ = {
			isa = PBXGroup;
			children = (
				376F275817E23F7400178A06 /* Place.h */,
				376F275917E23F7400178A06 /* Place.m */,
				37353CB517E3546C0062B12A /* PlaceDataFetcher.h */,
				37353CB617E3546C0062B12A /* PlaceDataFetcher.m */,
				37353CBA17E354FE0062B12A /* PlaceDataFetcherDelegate.h */,
				37D5D09F17E9FB9D0051A7B5 /* PlaceBuilder.h */,
				37D5D0A017E9FB9D0051A7B5 /* PlaceBuilder.m */,
			);
			name = Data;
			sourceTree = "<group>";
		};
		37BEFB301808C9BF007EF741 /* Views */ = {
			isa = PBXGroup;
			children = (
				37BEFB311808C9DA007EF741 /* PlaceTableViewCell.h */,
				37BEFB321808C9DA007EF741 /* PlaceTableViewCell.m */,
			);
			name = Views;
			sourceTree = "<group>";
		};
		37E6EA6C17E22BE7004976DC = {
			isa = PBXGroup;
			children = (
				37E6EA7E17E22BE7004976DC /* MWCDCApp */,
				37E6EAA017E22BE7004976DC /* MWCDCAppTests */,
				37E6EA7717E22BE7004976DC /* Frameworks */,
				37E6EA7617E22BE7004976DC /* Products */,
			);
			sourceTree = "<group>";
		};
		37E6EA7617E22BE7004976DC /* Products */ = {
			isa = PBXGroup;
			children = (
				37E6EA7517E22BE7004976DC /* MWCDCApp.app */,
				37E6EA9917E22BE7004976DC /* MWCDCAppTests.xctest */,
			);
			name = Products;
			sourceTree = "<group>";
		};
		37E6EA7717E22BE7004976DC /* Frameworks */ = {
			isa = PBXGroup;
			children = (
				372A71B3180751E4006826D1 /* libOCMock.a */,
				37FEB15618060BD100F9F3A5 /* MapKit.framework */,
				37353CB117E274EE0062B12A /* CoreLocation.framework */,
				37E6EA7817E22BE7004976DC /* Foundation.framework */,
				37E6EA7A17E22BE7004976DC /* CoreGraphics.framework */,
				37E6EA7C17E22BE7004976DC /* UIKit.framework */,
				37E6EA9A17E22BE7004976DC /* XCTest.framework */,
			);
			name = Frameworks;
			sourceTree = "<group>";
		};
		37E6EA7E17E22BE7004976DC /* MWCDCApp */ = {
			isa = PBXGroup;
			children = (
				37E6EA8717E22BE7004976DC /* AppDelegate.h */,
				37E6EA8817E22BE7004976DC /* AppDelegate.m */,
				37E6EA8A17E22BE7004976DC /* Main.storyboard */,
				37E6EA9317E22BE7004976DC /* Images.xcassets */,
				37353CB917E354BF0062B12A /* Places */,
				370E1E7C180C36EC00844A63 /* Overlooks */,
				375C3C5E17EBA83300CB1B03 /* API */,
				37E6EA7F17E22BE7004976DC /* Supporting Files */,
			);
			path = MWCDCApp;
			sourceTree = "<group>";
		};
		37E6EA7F17E22BE7004976DC /* Supporting Files */ = {
			isa = PBXGroup;
			children = (
				37E6EA8017E22BE7004976DC /* MWCDCApp-Info.plist */,
				37E6EA8117E22BE7004976DC /* InfoPlist.strings */,
				37E6EA8417E22BE7004976DC /* main.m */,
				37E6EA8617E22BE7004976DC /* MWCDCApp-Prefix.pch */,
			);
			name = "Supporting Files";
			sourceTree = "<group>";
		};
		37E6EAA017E22BE7004976DC /* MWCDCAppTests */ = {
			isa = PBXGroup;
			children = (
				37B599FD17E35A0D00BFAA46 /* Places */,
				370E1E88180C37D300844A63 /* Overlooks */,
				375C3C6017EBA86B00CB1B03 /* API */,
				37E6EAA117E22BE7004976DC /* Supporting Files */,
				372A71B618083682006826D1 /* AppDelegateTests.m */,
			);
			path = MWCDCAppTests;
			sourceTree = "<group>";
		};
		37E6EAA117E22BE7004976DC /* Supporting Files */ = {
			isa = PBXGroup;
			children = (
				37E6EAA217E22BE7004976DC /* MWCDCAppTests-Info.plist */,
				37E6EAA317E22BE7004976DC /* InfoPlist.strings */,
			);
			name = "Supporting Files";
			sourceTree = "<group>";
		};
/* End PBXGroup section */

/* Begin PBXNativeTarget section */
		37E6EA7417E22BE7004976DC /* MWCDCApp */ = {
			isa = PBXNativeTarget;
			buildConfigurationList = 37E6EAAA17E22BE7004976DC /* Build configuration list for PBXNativeTarget "MWCDCApp" */;
			buildPhases = (
				37E6EA7117E22BE7004976DC /* Sources */,
				37E6EA7217E22BE7004976DC /* Frameworks */,
				37E6EA7317E22BE7004976DC /* Resources */,
			);
			buildRules = (
			);
			dependencies = (
			);
			name = MWCDCApp;
			productName = MWCDCApp;
			productReference = 37E6EA7517E22BE7004976DC /* MWCDCApp.app */;
			productType = "com.apple.product-type.application";
		};
		37E6EA9817E22BE7004976DC /* MWCDCAppTests */ = {
			isa = PBXNativeTarget;
			buildConfigurationList = 37E6EAAD17E22BE7004976DC /* Build configuration list for PBXNativeTarget "MWCDCAppTests" */;
			buildPhases = (
				37E6EA9517E22BE7004976DC /* Sources */,
				37E6EA9617E22BE7004976DC /* Frameworks */,
				37E6EA9717E22BE7004976DC /* Resources */,
			);
			buildRules = (
			);
			dependencies = (
				37E6EA9F17E22BE7004976DC /* PBXTargetDependency */,
			);
			name = MWCDCAppTests;
			productName = MWCDCAppTests;
			productReference = 37E6EA9917E22BE7004976DC /* MWCDCAppTests.xctest */;
			productType = "com.apple.product-type.bundle.unit-test";
		};
/* End PBXNativeTarget section */

/* Begin PBXProject section */
		37E6EA6D17E22BE7004976DC /* Project object */ = {
			isa = PBXProject;
			attributes = {
				CLASSPREFIX = "";
				LastUpgradeCheck = 0500;
				ORGANIZATIONNAME = Scenable;
				TargetAttributes = {
					37E6EA9817E22BE7004976DC = {
						TestTargetID = 37E6EA7417E22BE7004976DC;
					};
				};
			};
			buildConfigurationList = 37E6EA7017E22BE7004976DC /* Build configuration list for PBXProject "MWCDCApp" */;
			compatibilityVersion = "Xcode 3.2";
			developmentRegion = English;
			hasScannedForEncodings = 0;
			knownRegions = (
				en,
				Base,
			);
			mainGroup = 37E6EA6C17E22BE7004976DC;
			productRefGroup = 37E6EA7617E22BE7004976DC /* Products */;
			projectDirPath = "";
			projectRoot = "";
			targets = (
				37E6EA7417E22BE7004976DC /* MWCDCApp */,
				37E6EA9817E22BE7004976DC /* MWCDCAppTests */,
			);
		};
/* End PBXProject section */

/* Begin PBXResourcesBuildPhase section */
		37E6EA7317E22BE7004976DC /* Resources */ = {
			isa = PBXResourcesBuildPhase;
			buildActionMask = 2147483647;
			files = (
				37E6EA9417E22BE7004976DC /* Images.xcassets in Resources */,
				37E6EA8317E22BE7004976DC /* InfoPlist.strings in Resources */,
				37E6EA8C17E22BE7004976DC /* Main.storyboard in Resources */,
			);
			runOnlyForDeploymentPostprocessing = 0;
		};
		37E6EA9717E22BE7004976DC /* Resources */ = {
			isa = PBXResourcesBuildPhase;
			buildActionMask = 2147483647;
			files = (
				37E6EAA517E22BE7004976DC /* InfoPlist.strings in Resources */,
			);
			runOnlyForDeploymentPostprocessing = 0;
		};
/* End PBXResourcesBuildPhase section */

/* Begin PBXSourcesBuildPhase section */
		37E6EA7117E22BE7004976DC /* Sources */ = {
			isa = PBXSourcesBuildPhase;
			buildActionMask = 2147483647;
			files = (
				37EF1CE8180C55380096467B /* SkylinePoint.m in Sources */,
				37083D8F180DD7510049FCC5 /* ToggleSegue.m in Sources */,
				37E6EA8917E22BE7004976DC /* AppDelegate.m in Sources */,
				37BEFB331808C9DA007EF741 /* PlaceTableViewCell.m in Sources */,
				37083D86180D9F290049FCC5 /* PlaceMapViewController.m in Sources */,
				37083D80180CD3400049FCC5 /* TestSkylinePointTableCell.m in Sources */,
				37083D8C180DCC6A0049FCC5 /* ToggleContainerViewController.m in Sources */,
				378F67D2180C4ED600066E6B /* InterestPoint.m in Sources */,
				3786659517EBC4BE00F341C1 /* PlaceTableViewController.m in Sources */,
				3702D015180CB23E00095CD1 /* OverlookMapViewController.m in Sources */,
				37083D7B180CC6930049FCC5 /* SkylineViewController.m in Sources */,
				3761D6AE1802F887004BC847 /* PlaceDetailViewController.m in Sources */,
				370E1E82180C375800844A63 /* SkylineDataFetcher.m in Sources */,
				37B599FB17E359D700BFAA46 /* APICommunicator.m in Sources */,
				37083D83180CD8D70049FCC5 /* InterestPointDetailViewController.m in Sources */,
				370E1E85180C376900844A63 /* SkylinePointBuilder.m in Sources */,
				376F275A17E23F7400178A06 /* Place.m in Sources */,
				370E1E7F180C374800844A63 /* Overlook.m in Sources */,
				37E6EA8517E22BE7004976DC /* main.m in Sources */,
				3786658517EBBDD400F341C1 /* PlaceViewDataManager.m in Sources */,
				37083D89180DC6700049FCC5 /* PlaceCollectionViewController.m in Sources */,
				37D5D0A117E9FB9D0051A7B5 /* PlaceBuilder.m in Sources */,
				37353CB717E3546C0062B12A /* PlaceDataFetcher.m in Sources */,
			);
			runOnlyForDeploymentPostprocessing = 0;
		};
		37E6EA9517E22BE7004976DC /* Sources */ = {
			isa = PBXSourcesBuildPhase;
			buildActionMask = 2147483647;
			files = (
				37E909F417EA5AD2000C65A3 /* InspectableAPICommunicator.m in Sources */,
				3786CF5E180C759000C28B2F /* SkylineFetchWorkflowTests.m in Sources */,
				3786658217EBBCB700F341C1 /* PlaceTableViewControllerTests.m in Sources */,
				37D5D0A517E9FBE00051A7B5 /* FakePlaceBuilder.m in Sources */,
				3761D6B11802F911004BC847 /* PlaceDetailViewControllerTests.m in Sources */,
				378F67CF180C3E2F00066E6B /* SkylinePointBuilderTests.m in Sources */,
				37353CB417E352320062B12A /* PlaceFetchWorkflowTests.m in Sources */,
				3786658617EBBDD400F341C1 /* PlaceViewDataManager.m in Sources */,
				37E909F117EA5A4E000C65A3 /* APICommunicatorTests.m in Sources */,
				376F275717E23F1A00178A06 /* PlaceTests.m in Sources */,
				37EF1CEA180C5BB30096467B /* SkylinePointTest.m in Sources */,
				3702D017180CB25A00095CD1 /* OverlookListViewControllerTests.m in Sources */,
				379EDF8B17EA18A70044AF1F /* PlaceBuilderTests.m in Sources */,
				378F67D4180C4F8200066E6B /* InterestPointTests.m in Sources */,
				37083D7D180CCE390049FCC5 /* SkylineViewControllerTests.m in Sources */,
				374E223D17FEF9620051897F /* PlaceViewDataManagerTests.m in Sources */,
				37E909F717EB5792000C65A3 /* NonNetworkedAPICommunicator.m in Sources */,
				370E1E8A180C37E400844A63 /* OverlookTests.m in Sources */,
				372A71B718083682006826D1 /* AppDelegateTests.m in Sources */,
			);
			runOnlyForDeploymentPostprocessing = 0;
		};
/* End PBXSourcesBuildPhase section */

/* Begin PBXTargetDependency section */
		37E6EA9F17E22BE7004976DC /* PBXTargetDependency */ = {
			isa = PBXTargetDependency;
			target = 37E6EA7417E22BE7004976DC /* MWCDCApp */;
			targetProxy = 37E6EA9E17E22BE7004976DC /* PBXContainerItemProxy */;
		};
/* End PBXTargetDependency section */

/* Begin PBXVariantGroup section */
		37E6EA8117E22BE7004976DC /* InfoPlist.strings */ = {
			isa = PBXVariantGroup;
			children = (
				37E6EA8217E22BE7004976DC /* en */,
			);
			name = InfoPlist.strings;
			sourceTree = "<group>";
		};
		37E6EA8A17E22BE7004976DC /* Main.storyboard */ = {
			isa = PBXVariantGroup;
			children = (
				37E6EA8B17E22BE7004976DC /* Base */,
			);
			name = Main.storyboard;
			sourceTree = "<group>";
		};
		37E6EAA317E22BE7004976DC /* InfoPlist.strings */ = {
			isa = PBXVariantGroup;
			children = (
				37E6EAA417E22BE7004976DC /* en */,
			);
			name = InfoPlist.strings;
			sourceTree = "<group>";
		};
/* End PBXVariantGroup section */

/* Begin XCBuildConfiguration section */
		37E6EAA817E22BE7004976DC /* Debug */ = {
			isa = XCBuildConfiguration;
			buildSettings = {
				ALWAYS_SEARCH_USER_PATHS = NO;
				CLANG_CXX_LANGUAGE_STANDARD = "gnu++0x";
				CLANG_CXX_LIBRARY = "libc++";
				CLANG_ENABLE_MODULES = YES;
				CLANG_ENABLE_OBJC_ARC = YES;
				CLANG_WARN_BOOL_CONVERSION = YES;
				CLANG_WARN_CONSTANT_CONVERSION = YES;
				CLANG_WARN_DIRECT_OBJC_ISA_USAGE = YES_ERROR;
				CLANG_WARN_EMPTY_BODY = YES;
				CLANG_WARN_ENUM_CONVERSION = YES;
				CLANG_WARN_INT_CONVERSION = YES;
				CLANG_WARN_OBJC_ROOT_CLASS = YES_ERROR;
				CLANG_WARN__DUPLICATE_METHOD_MATCH = YES;
				"CODE_SIGN_IDENTITY[sdk=iphoneos*]" = "iPhone Developer";
				COPY_PHASE_STRIP = NO;
				GCC_C_LANGUAGE_STANDARD = gnu99;
				GCC_DYNAMIC_NO_PIC = NO;
				GCC_OPTIMIZATION_LEVEL = 0;
				GCC_PREPROCESSOR_DEFINITIONS = (
					"DEBUG=1",
					"$(inherited)",
				);
				GCC_SYMBOLS_PRIVATE_EXTERN = NO;
				GCC_WARN_ABOUT_RETURN_TYPE = YES_ERROR;
				GCC_WARN_UNDECLARED_SELECTOR = YES;
				GCC_WARN_UNINITIALIZED_AUTOS = YES;
				GCC_WARN_UNUSED_FUNCTION = YES;
				GCC_WARN_UNUSED_VARIABLE = YES;
				IPHONEOS_DEPLOYMENT_TARGET = 7.0;
				ONLY_ACTIVE_ARCH = YES;
				SDKROOT = iphoneos;
			};
			name = Debug;
		};
		37E6EAA917E22BE7004976DC /* Release */ = {
			isa = XCBuildConfiguration;
			buildSettings = {
				ALWAYS_SEARCH_USER_PATHS = NO;
				CLANG_CXX_LANGUAGE_STANDARD = "gnu++0x";
				CLANG_CXX_LIBRARY = "libc++";
				CLANG_ENABLE_MODULES = YES;
				CLANG_ENABLE_OBJC_ARC = YES;
				CLANG_WARN_BOOL_CONVERSION = YES;
				CLANG_WARN_CONSTANT_CONVERSION = YES;
				CLANG_WARN_DIRECT_OBJC_ISA_USAGE = YES_ERROR;
				CLANG_WARN_EMPTY_BODY = YES;
				CLANG_WARN_ENUM_CONVERSION = YES;
				CLANG_WARN_INT_CONVERSION = YES;
				CLANG_WARN_OBJC_ROOT_CLASS = YES_ERROR;
				CLANG_WARN__DUPLICATE_METHOD_MATCH = YES;
				"CODE_SIGN_IDENTITY[sdk=iphoneos*]" = "iPhone Developer";
				COPY_PHASE_STRIP = YES;
				ENABLE_NS_ASSERTIONS = NO;
				GCC_C_LANGUAGE_STANDARD = gnu99;
				GCC_WARN_ABOUT_RETURN_TYPE = YES_ERROR;
				GCC_WARN_UNDECLARED_SELECTOR = YES;
				GCC_WARN_UNINITIALIZED_AUTOS = YES;
				GCC_WARN_UNUSED_FUNCTION = YES;
				GCC_WARN_UNUSED_VARIABLE = YES;
				IPHONEOS_DEPLOYMENT_TARGET = 7.0;
				SDKROOT = iphoneos;
				VALIDATE_PRODUCT = YES;
			};
			name = Release;
		};
		37E6EAAB17E22BE7004976DC /* Debug */ = {
			isa = XCBuildConfiguration;
			buildSettings = {
				ASSETCATALOG_COMPILER_APPICON_NAME = AppIcon;
				ASSETCATALOG_COMPILER_LAUNCHIMAGE_NAME = LaunchImage;
				GCC_PRECOMPILE_PREFIX_HEADER = YES;
				GCC_PREFIX_HEADER = "MWCDCApp/MWCDCApp-Prefix.pch";
				INFOPLIST_FILE = "MWCDCApp/MWCDCApp-Info.plist";
				LIBRARY_SEARCH_PATHS = (
					"$(inherited)",
					/Users/greg/projects/MWCDCApp/usr/lib,
				);
				PRODUCT_NAME = "$(TARGET_NAME)";
				TARGETED_DEVICE_FAMILY = 1;
				WRAPPER_EXTENSION = app;
			};
			name = Debug;
		};
		37E6EAAC17E22BE7004976DC /* Release */ = {
			isa = XCBuildConfiguration;
			buildSettings = {
				ASSETCATALOG_COMPILER_APPICON_NAME = AppIcon;
				ASSETCATALOG_COMPILER_LAUNCHIMAGE_NAME = LaunchImage;
				GCC_PRECOMPILE_PREFIX_HEADER = YES;
				GCC_PREFIX_HEADER = "MWCDCApp/MWCDCApp-Prefix.pch";
				INFOPLIST_FILE = "MWCDCApp/MWCDCApp-Info.plist";
				LIBRARY_SEARCH_PATHS = (
					"$(inherited)",
					/Users/greg/projects/MWCDCApp/usr/lib,
				);
				PRODUCT_NAME = "$(TARGET_NAME)";
				TARGETED_DEVICE_FAMILY = 1;
				WRAPPER_EXTENSION = app;
			};
			name = Release;
		};
		37E6EAAE17E22BE7004976DC /* Debug */ = {
			isa = XCBuildConfiguration;
			buildSettings = {
				BUNDLE_LOADER = "$(BUILT_PRODUCTS_DIR)/MWCDCApp.app/MWCDCApp";
				FRAMEWORK_SEARCH_PATHS = (
					"$(SDKROOT)/Developer/Library/Frameworks",
					"$(inherited)",
					"$(DEVELOPER_FRAMEWORKS_DIR)",
				);
				GCC_PRECOMPILE_PREFIX_HEADER = YES;
				GCC_PREFIX_HEADER = "MWCDCApp/MWCDCApp-Prefix.pch";
				GCC_PREPROCESSOR_DEFINITIONS = (
					"DEBUG=1",
					"$(inherited)",
				);
				HEADER_SEARCH_PATHS = (
					"$(inherited)",
					/Applications/Xcode.app/Contents/Developer/Toolchains/XcodeDefault.xctoolchain/usr/include,
					"\"$(SRCROOT)/usr/include\"",
				);
				INFOPLIST_FILE = "MWCDCAppTests/MWCDCAppTests-Info.plist";
				LIBRARY_SEARCH_PATHS = (
					"$(inherited)",
					/Users/greg/projects/MWCDCApp/usr/lib,
				);
				OTHER_LDFLAGS = (
					"$(inherited)",
					"-framework",
					XCTest,
					"-force_load",
					"\"$(SRCROOT)/usr/lib/libOCMock.a\"",
					"-ObjC",
				);
				PRODUCT_NAME = "$(TARGET_NAME)";
				TEST_HOST = "$(BUNDLE_LOADER)";
				WRAPPER_EXTENSION = xctest;
			};
			name = Debug;
		};
		37E6EAAF17E22BE7004976DC /* Release */ = {
			isa = XCBuildConfiguration;
			buildSettings = {
				BUNDLE_LOADER = "$(BUILT_PRODUCTS_DIR)/MWCDCApp.app/MWCDCApp";
				FRAMEWORK_SEARCH_PATHS = (
					"$(SDKROOT)/Developer/Library/Frameworks",
					"$(inherited)",
					"$(DEVELOPER_FRAMEWORKS_DIR)",
				);
				GCC_PRECOMPILE_PREFIX_HEADER = YES;
				GCC_PREFIX_HEADER = "MWCDCApp/MWCDCApp-Prefix.pch";
				HEADER_SEARCH_PATHS = (
					"$(inherited)",
					/Applications/Xcode.app/Contents/Developer/Toolchains/XcodeDefault.xctoolchain/usr/include,
					"\"$(SRCROOT)/usr/include\"",
				);
				INFOPLIST_FILE = "MWCDCAppTests/MWCDCAppTests-Info.plist";
				LIBRARY_SEARCH_PATHS = (
					"$(inherited)",
					/Users/greg/projects/MWCDCApp/usr/lib,
				);
				OTHER_LDFLAGS = (
					"$(inherited)",
					"-framework",
					XCTest,
					"-force_load",
					"\"$(SRCROOT)/usr/lib/libOCMock.a\"",
					"-ObjC",
				);
				PRODUCT_NAME = "$(TARGET_NAME)";
				TEST_HOST = "$(BUNDLE_LOADER)";
				WRAPPER_EXTENSION = xctest;
			};
			name = Release;
		};
/* End XCBuildConfiguration section */

/* Begin XCConfigurationList section */
		37E6EA7017E22BE7004976DC /* Build configuration list for PBXProject "MWCDCApp" */ = {
			isa = XCConfigurationList;
			buildConfigurations = (
				37E6EAA817E22BE7004976DC /* Debug */,
				37E6EAA917E22BE7004976DC /* Release */,
			);
			defaultConfigurationIsVisible = 0;
			defaultConfigurationName = Release;
		};
		37E6EAAA17E22BE7004976DC /* Build configuration list for PBXNativeTarget "MWCDCApp" */ = {
			isa = XCConfigurationList;
			buildConfigurations = (
				37E6EAAB17E22BE7004976DC /* Debug */,
				37E6EAAC17E22BE7004976DC /* Release */,
			);
			defaultConfigurationIsVisible = 0;
			defaultConfigurationName = Release;
		};
		37E6EAAD17E22BE7004976DC /* Build configuration list for PBXNativeTarget "MWCDCAppTests" */ = {
			isa = XCConfigurationList;
			buildConfigurations = (
				37E6EAAE17E22BE7004976DC /* Debug */,
				37E6EAAF17E22BE7004976DC /* Release */,
			);
			defaultConfigurationIsVisible = 0;
			defaultConfigurationName = Release;
		};
/* End XCConfigurationList section */
	};
	rootObject = 37E6EA6D17E22BE7004976DC /* Project object */;
}
