// !$*UTF8*$!
{
	archiveVersion = 1;
	classes = {
	};
	objectVersion = 46;
	objects = {

/* Begin PBXBuildFile section */
		376F275717E23F1A00178A06 /* SCEPlaceTests.m in Sources */ = {isa = PBXBuildFile; fileRef = 376F275617E23F1A00178A06 /* SCEPlaceTests.m */; };
		376F275A17E23F7400178A06 /* SCEPlace.m in Sources */ = {isa = PBXBuildFile; fileRef = 376F275917E23F7400178A06 /* SCEPlace.m */; };
		37E6EA7917E22BE7004976DC /* Foundation.framework in Frameworks */ = {isa = PBXBuildFile; fileRef = 37E6EA7817E22BE7004976DC /* Foundation.framework */; };
		37E6EA7B17E22BE7004976DC /* CoreGraphics.framework in Frameworks */ = {isa = PBXBuildFile; fileRef = 37E6EA7A17E22BE7004976DC /* CoreGraphics.framework */; };
		37E6EA7D17E22BE7004976DC /* UIKit.framework in Frameworks */ = {isa = PBXBuildFile; fileRef = 37E6EA7C17E22BE7004976DC /* UIKit.framework */; };
		37E6EA8317E22BE7004976DC /* InfoPlist.strings in Resources */ = {isa = PBXBuildFile; fileRef = 37E6EA8117E22BE7004976DC /* InfoPlist.strings */; };
		37E6EA8517E22BE7004976DC /* main.m in Sources */ = {isa = PBXBuildFile; fileRef = 37E6EA8417E22BE7004976DC /* main.m */; };
		37E6EA8917E22BE7004976DC /* SCEAppDelegate.m in Sources */ = {isa = PBXBuildFile; fileRef = 37E6EA8817E22BE7004976DC /* SCEAppDelegate.m */; };
		37E6EA8C17E22BE7004976DC /* Main.storyboard in Resources */ = {isa = PBXBuildFile; fileRef = 37E6EA8A17E22BE7004976DC /* Main.storyboard */; };
		37E6EA8F17E22BE7004976DC /* SCEMasterViewController.m in Sources */ = {isa = PBXBuildFile; fileRef = 37E6EA8E17E22BE7004976DC /* SCEMasterViewController.m */; };
		37E6EA9217E22BE7004976DC /* SCEDetailViewController.m in Sources */ = {isa = PBXBuildFile; fileRef = 37E6EA9117E22BE7004976DC /* SCEDetailViewController.m */; };
		37E6EA9417E22BE7004976DC /* Images.xcassets in Resources */ = {isa = PBXBuildFile; fileRef = 37E6EA9317E22BE7004976DC /* Images.xcassets */; };
		37E6EA9B17E22BE7004976DC /* XCTest.framework in Frameworks */ = {isa = PBXBuildFile; fileRef = 37E6EA9A17E22BE7004976DC /* XCTest.framework */; };
		37E6EA9C17E22BE7004976DC /* Foundation.framework in Frameworks */ = {isa = PBXBuildFile; fileRef = 37E6EA7817E22BE7004976DC /* Foundation.framework */; };
		37E6EA9D17E22BE7004976DC /* UIKit.framework in Frameworks */ = {isa = PBXBuildFile; fileRef = 37E6EA7C17E22BE7004976DC /* UIKit.framework */; };
		37E6EAA517E22BE7004976DC /* InfoPlist.strings in Resources */ = {isa = PBXBuildFile; fileRef = 37E6EAA317E22BE7004976DC /* InfoPlist.strings */; };
/* End PBXBuildFile section */

/* Begin PBXContainerItemProxy section */
		37E6EA9E17E22BE7004976DC /* PBXContainerItemProxy */ = {
			isa = PBXContainerItemProxy;
			containerPortal = 37E6EA6D17E22BE7004976DC /* Project object */;
			proxyType = 1;
			remoteGlobalIDString = 37E6EA7417E22BE7004976DC;
			remoteInfo = MWCDCApp;
		};
/* End PBXContainerItemProxy section */

/* Begin PBXFileReference section */
		376F275617E23F1A00178A06 /* SCEPlaceTests.m */ = {isa = PBXFileReference; fileEncoding = 4; lastKnownFileType = sourcecode.c.objc; path = SCEPlaceTests.m; sourceTree = "<group>"; };
		376F275817E23F7400178A06 /* SCEPlace.h */ = {isa = PBXFileReference; fileEncoding = 4; lastKnownFileType = sourcecode.c.h; path = SCEPlace.h; sourceTree = "<group>"; };
		376F275917E23F7400178A06 /* SCEPlace.m */ = {isa = PBXFileReference; fileEncoding = 4; lastKnownFileType = sourcecode.c.objc; path = SCEPlace.m; sourceTree = "<group>"; };
		37E6EA7517E22BE7004976DC /* MWCDCApp.app */ = {isa = PBXFileReference; explicitFileType = wrapper.application; includeInIndex = 0; path = MWCDCApp.app; sourceTree = BUILT_PRODUCTS_DIR; };
		37E6EA7817E22BE7004976DC /* Foundation.framework */ = {isa = PBXFileReference; lastKnownFileType = wrapper.framework; name = Foundation.framework; path = System/Library/Frameworks/Foundation.framework; sourceTree = SDKROOT; };
		37E6EA7A17E22BE7004976DC /* CoreGraphics.framework */ = {isa = PBXFileReference; lastKnownFileType = wrapper.framework; name = CoreGraphics.framework; path = System/Library/Frameworks/CoreGraphics.framework; sourceTree = SDKROOT; };
		37E6EA7C17E22BE7004976DC /* UIKit.framework */ = {isa = PBXFileReference; lastKnownFileType = wrapper.framework; name = UIKit.framework; path = System/Library/Frameworks/UIKit.framework; sourceTree = SDKROOT; };
		37E6EA8017E22BE7004976DC /* MWCDCApp-Info.plist */ = {isa = PBXFileReference; lastKnownFileType = text.plist.xml; path = "MWCDCApp-Info.plist"; sourceTree = "<group>"; };
		37E6EA8217E22BE7004976DC /* en */ = {isa = PBXFileReference; lastKnownFileType = text.plist.strings; name = en; path = en.lproj/InfoPlist.strings; sourceTree = "<group>"; };
		37E6EA8417E22BE7004976DC /* main.m */ = {isa = PBXFileReference; lastKnownFileType = sourcecode.c.objc; path = main.m; sourceTree = "<group>"; };
		37E6EA8617E22BE7004976DC /* MWCDCApp-Prefix.pch */ = {isa = PBXFileReference; lastKnownFileType = sourcecode.c.h; path = "MWCDCApp-Prefix.pch"; sourceTree = "<group>"; };
		37E6EA8717E22BE7004976DC /* SCEAppDelegate.h */ = {isa = PBXFileReference; lastKnownFileType = sourcecode.c.h; path = SCEAppDelegate.h; sourceTree = "<group>"; };
		37E6EA8817E22BE7004976DC /* SCEAppDelegate.m */ = {isa = PBXFileReference; lastKnownFileType = sourcecode.c.objc; path = SCEAppDelegate.m; sourceTree = "<group>"; };
		37E6EA8B17E22BE7004976DC /* Base */ = {isa = PBXFileReference; lastKnownFileType = file.storyboard; name = Base; path = Base.lproj/Main.storyboard; sourceTree = "<group>"; };
		37E6EA8D17E22BE7004976DC /* SCEMasterViewController.h */ = {isa = PBXFileReference; lastKnownFileType = sourcecode.c.h; path = SCEMasterViewController.h; sourceTree = "<group>"; };
		37E6EA8E17E22BE7004976DC /* SCEMasterViewController.m */ = {isa = PBXFileReference; lastKnownFileType = sourcecode.c.objc; path = SCEMasterViewController.m; sourceTree = "<group>"; };
		37E6EA9017E22BE7004976DC /* SCEDetailViewController.h */ = {isa = PBXFileReference; lastKnownFileType = sourcecode.c.h; path = SCEDetailViewController.h; sourceTree = "<group>"; };
		37E6EA9117E22BE7004976DC /* SCEDetailViewController.m */ = {isa = PBXFileReference; lastKnownFileType = sourcecode.c.objc; path = SCEDetailViewController.m; sourceTree = "<group>"; };
		37E6EA9317E22BE7004976DC /* Images.xcassets */ = {isa = PBXFileReference; lastKnownFileType = folder.assetcatalog; path = Images.xcassets; sourceTree = "<group>"; };
		37E6EA9917E22BE7004976DC /* MWCDCAppTests.xctest */ = {isa = PBXFileReference; explicitFileType = wrapper.cfbundle; includeInIndex = 0; path = MWCDCAppTests.xctest; sourceTree = BUILT_PRODUCTS_DIR; };
		37E6EA9A17E22BE7004976DC /* XCTest.framework */ = {isa = PBXFileReference; lastKnownFileType = wrapper.framework; name = XCTest.framework; path = Library/Frameworks/XCTest.framework; sourceTree = DEVELOPER_DIR; };
		37E6EAA217E22BE7004976DC /* MWCDCAppTests-Info.plist */ = {isa = PBXFileReference; lastKnownFileType = text.plist.xml; path = "MWCDCAppTests-Info.plist"; sourceTree = "<group>"; };
		37E6EAA417E22BE7004976DC /* en */ = {isa = PBXFileReference; lastKnownFileType = text.plist.strings; name = en; path = en.lproj/InfoPlist.strings; sourceTree = "<group>"; };
/* End PBXFileReference section */

/* Begin PBXFrameworksBuildPhase section */
		37E6EA7217E22BE7004976DC /* Frameworks */ = {
			isa = PBXFrameworksBuildPhase;
			buildActionMask = 2147483647;
			files = (
				37E6EA7B17E22BE7004976DC /* CoreGraphics.framework in Frameworks */,
				37E6EA7D17E22BE7004976DC /* UIKit.framework in Frameworks */,
				37E6EA7917E22BE7004976DC /* Foundation.framework in Frameworks */,
			);
			runOnlyForDeploymentPostprocessing = 0;
		};
		37E6EA9617E22BE7004976DC /* Frameworks */ = {
			isa = PBXFrameworksBuildPhase;
			buildActionMask = 2147483647;
			files = (
				37E6EA9B17E22BE7004976DC /* XCTest.framework in Frameworks */,
				37E6EA9D17E22BE7004976DC /* UIKit.framework in Frameworks */,
				37E6EA9C17E22BE7004976DC /* Foundation.framework in Frameworks */,
			);
			runOnlyForDeploymentPostprocessing = 0;
		};
/* End PBXFrameworksBuildPhase section */

/* Begin PBXGroup section */
		37E6EA6C17E22BE7004976DC = {
			isa = PBXGroup;
			children = (
				37E6EA7E17E22BE7004976DC /* MWCDCApp */,
				37E6EAA017E22BE7004976DC /* MWCDCAppTests */,
				37E6EA7717E22BE7004976DC /* Frameworks */,
				37E6EA7617E22BE7004976DC /* Products */,
			);
			sourceTree = "<group>";
		};
		37E6EA7617E22BE7004976DC /* Products */ = {
			isa = PBXGroup;
			children = (
				37E6EA7517E22BE7004976DC /* MWCDCApp.app */,
				37E6EA9917E22BE7004976DC /* MWCDCAppTests.xctest */,
			);
			name = Products;
			sourceTree = "<group>";
		};
		37E6EA7717E22BE7004976DC /* Frameworks */ = {
			isa = PBXGroup;
			children = (
				37E6EA7817E22BE7004976DC /* Foundation.framework */,
				37E6EA7A17E22BE7004976DC /* CoreGraphics.framework */,
				37E6EA7C17E22BE7004976DC /* UIKit.framework */,
				37E6EA9A17E22BE7004976DC /* XCTest.framework */,
			);
			name = Frameworks;
			sourceTree = "<group>";
		};
		37E6EA7E17E22BE7004976DC /* MWCDCApp */ = {
			isa = PBXGroup;
			children = (
				37E6EA8717E22BE7004976DC /* SCEAppDelegate.h */,
				37E6EA8817E22BE7004976DC /* SCEAppDelegate.m */,
				37E6EA8A17E22BE7004976DC /* Main.storyboard */,
				37E6EA8D17E22BE7004976DC /* SCEMasterViewController.h */,
				37E6EA8E17E22BE7004976DC /* SCEMasterViewController.m */,
				37E6EA9017E22BE7004976DC /* SCEDetailViewController.h */,
				37E6EA9117E22BE7004976DC /* SCEDetailViewController.m */,
				37E6EA9317E22BE7004976DC /* Images.xcassets */,
				37E6EA7F17E22BE7004976DC /* Supporting Files */,
				376F275817E23F7400178A06 /* SCEPlace.h */,
				376F275917E23F7400178A06 /* SCEPlace.m */,
			);
			path = MWCDCApp;
			sourceTree = "<group>";
		};
		37E6EA7F17E22BE7004976DC /* Supporting Files */ = {
			isa = PBXGroup;
			children = (
				37E6EA8017E22BE7004976DC /* MWCDCApp-Info.plist */,
				37E6EA8117E22BE7004976DC /* InfoPlist.strings */,
				37E6EA8417E22BE7004976DC /* main.m */,
				37E6EA8617E22BE7004976DC /* MWCDCApp-Prefix.pch */,
			);
			name = "Supporting Files";
			sourceTree = "<group>";
		};
		37E6EAA017E22BE7004976DC /* MWCDCAppTests */ = {
			isa = PBXGroup;
			children = (
				376F275617E23F1A00178A06 /* SCEPlaceTests.m */,
				37E6EAA117E22BE7004976DC /* Supporting Files */,
			);
			path = MWCDCAppTests;
			sourceTree = "<group>";
		};
		37E6EAA117E22BE7004976DC /* Supporting Files */ = {
			isa = PBXGroup;
			children = (
				37E6EAA217E22BE7004976DC /* MWCDCAppTests-Info.plist */,
				37E6EAA317E22BE7004976DC /* InfoPlist.strings */,
			);
			name = "Supporting Files";
			sourceTree = "<group>";
		};
/* End PBXGroup section */

/* Begin PBXNativeTarget section */
		37E6EA7417E22BE7004976DC /* MWCDCApp */ = {
			isa = PBXNativeTarget;
			buildConfigurationList = 37E6EAAA17E22BE7004976DC /* Build configuration list for PBXNativeTarget "MWCDCApp" */;
			buildPhases = (
				37E6EA7117E22BE7004976DC /* Sources */,
				37E6EA7217E22BE7004976DC /* Frameworks */,
				37E6EA7317E22BE7004976DC /* Resources */,
			);
			buildRules = (
			);
			dependencies = (
			);
			name = MWCDCApp;
			productName = MWCDCApp;
			productReference = 37E6EA7517E22BE7004976DC /* MWCDCApp.app */;
			productType = "com.apple.product-type.application";
		};
		37E6EA9817E22BE7004976DC /* MWCDCAppTests */ = {
			isa = PBXNativeTarget;
			buildConfigurationList = 37E6EAAD17E22BE7004976DC /* Build configuration list for PBXNativeTarget "MWCDCAppTests" */;
			buildPhases = (
				37E6EA9517E22BE7004976DC /* Sources */,
				37E6EA9617E22BE7004976DC /* Frameworks */,
				37E6EA9717E22BE7004976DC /* Resources */,
			);
			buildRules = (
			);
			dependencies = (
				37E6EA9F17E22BE7004976DC /* PBXTargetDependency */,
			);
			name = MWCDCAppTests;
			productName = MWCDCAppTests;
			productReference = 37E6EA9917E22BE7004976DC /* MWCDCAppTests.xctest */;
			productType = "com.apple.product-type.bundle.unit-test";
		};
/* End PBXNativeTarget section */

/* Begin PBXProject section */
		37E6EA6D17E22BE7004976DC /* Project object */ = {
			isa = PBXProject;
			attributes = {
				CLASSPREFIX = SCE;
				LastUpgradeCheck = 0500;
				ORGANIZATIONNAME = Scenable;
				TargetAttributes = {
					37E6EA9817E22BE7004976DC = {
						TestTargetID = 37E6EA7417E22BE7004976DC;
					};
				};
			};
			buildConfigurationList = 37E6EA7017E22BE7004976DC /* Build configuration list for PBXProject "MWCDCApp" */;
			compatibilityVersion = "Xcode 3.2";
			developmentRegion = English;
			hasScannedForEncodings = 0;
			knownRegions = (
				en,
				Base,
			);
			mainGroup = 37E6EA6C17E22BE7004976DC;
			productRefGroup = 37E6EA7617E22BE7004976DC /* Products */;
			projectDirPath = "";
			projectRoot = "";
			targets = (
				37E6EA7417E22BE7004976DC /* MWCDCApp */,
				37E6EA9817E22BE7004976DC /* MWCDCAppTests */,
			);
		};
/* End PBXProject section */

/* Begin PBXResourcesBuildPhase section */
		37E6EA7317E22BE7004976DC /* Resources */ = {
			isa = PBXResourcesBuildPhase;
			buildActionMask = 2147483647;
			files = (
				37E6EA9417E22BE7004976DC /* Images.xcassets in Resources */,
				37E6EA8317E22BE7004976DC /* InfoPlist.strings in Resources */,
				37E6EA8C17E22BE7004976DC /* Main.storyboard in Resources */,
			);
			runOnlyForDeploymentPostprocessing = 0;
		};
		37E6EA9717E22BE7004976DC /* Resources */ = {
			isa = PBXResourcesBuildPhase;
			buildActionMask = 2147483647;
			files = (
				37E6EAA517E22BE7004976DC /* InfoPlist.strings in Resources */,
			);
			runOnlyForDeploymentPostprocessing = 0;
		};
/* End PBXResourcesBuildPhase section */

/* Begin PBXSourcesBuildPhase section */
		37E6EA7117E22BE7004976DC /* Sources */ = {
			isa = PBXSourcesBuildPhase;
			buildActionMask = 2147483647;
			files = (
				37E6EA8917E22BE7004976DC /* SCEAppDelegate.m in Sources */,
				376F275A17E23F7400178A06 /* SCEPlace.m in Sources */,
				37E6EA9217E22BE7004976DC /* SCEDetailViewController.m in Sources */,
				37E6EA8F17E22BE7004976DC /* SCEMasterViewController.m in Sources */,
				37E6EA8517E22BE7004976DC /* main.m in Sources */,
			);
			runOnlyForDeploymentPostprocessing = 0;
		};
		37E6EA9517E22BE7004976DC /* Sources */ = {
			isa = PBXSourcesBuildPhase;
			buildActionMask = 2147483647;
			files = (
				376F275717E23F1A00178A06 /* SCEPlaceTests.m in Sources */,
			);
			runOnlyForDeploymentPostprocessing = 0;
		};
/* End PBXSourcesBuildPhase section */

/* Begin PBXTargetDependency section */
		37E6EA9F17E22BE7004976DC /* PBXTargetDependency */ = {
			isa = PBXTargetDependency;
			target = 37E6EA7417E22BE7004976DC /* MWCDCApp */;
			targetProxy = 37E6EA9E17E22BE7004976DC /* PBXContainerItemProxy */;
		};
/* End PBXTargetDependency section */

/* Begin PBXVariantGroup section */
		37E6EA8117E22BE7004976DC /* InfoPlist.strings */ = {
			isa = PBXVariantGroup;
			children = (
				37E6EA8217E22BE7004976DC /* en */,
			);
			name = InfoPlist.strings;
			sourceTree = "<group>";
		};
		37E6EA8A17E22BE7004976DC /* Main.storyboard */ = {
			isa = PBXVariantGroup;
			children = (
				37E6EA8B17E22BE7004976DC /* Base */,
			);
			name = Main.storyboard;
			sourceTree = "<group>";
		};
		37E6EAA317E22BE7004976DC /* InfoPlist.strings */ = {
			isa = PBXVariantGroup;
			children = (
				37E6EAA417E22BE7004976DC /* en */,
			);
			name = InfoPlist.strings;
			sourceTree = "<group>";
		};
/* End PBXVariantGroup section */

/* Begin XCBuildConfiguration section */
		37E6EAA817E22BE7004976DC /* Debug */ = {
			isa = XCBuildConfiguration;
			buildSettings = {
				ALWAYS_SEARCH_USER_PATHS = NO;
				CLANG_CXX_LANGUAGE_STANDARD = "gnu++0x";
				CLANG_CXX_LIBRARY = "libc++";
				CLANG_ENABLE_MODULES = YES;
				CLANG_ENABLE_OBJC_ARC = YES;
				CLANG_WARN_BOOL_CONVERSION = YES;
				CLANG_WARN_CONSTANT_CONVERSION = YES;
				CLANG_WARN_DIRECT_OBJC_ISA_USAGE = YES_ERROR;
				CLANG_WARN_EMPTY_BODY = YES;
				CLANG_WARN_ENUM_CONVERSION = YES;
				CLANG_WARN_INT_CONVERSION = YES;
				CLANG_WARN_OBJC_ROOT_CLASS = YES_ERROR;
				CLANG_WARN__DUPLICATE_METHOD_MATCH = YES;
				"CODE_SIGN_IDENTITY[sdk=iphoneos*]" = "iPhone Developer";
				COPY_PHASE_STRIP = NO;
				GCC_C_LANGUAGE_STANDARD = gnu99;
				GCC_DYNAMIC_NO_PIC = NO;
				GCC_OPTIMIZATION_LEVEL = 0;
				GCC_PREPROCESSOR_DEFINITIONS = (
					"DEBUG=1",
					"$(inherited)",
				);
				GCC_SYMBOLS_PRIVATE_EXTERN = NO;
				GCC_WARN_ABOUT_RETURN_TYPE = YES_ERROR;
				GCC_WARN_UNDECLARED_SELECTOR = YES;
				GCC_WARN_UNINITIALIZED_AUTOS = YES;
				GCC_WARN_UNUSED_FUNCTION = YES;
				GCC_WARN_UNUSED_VARIABLE = YES;
				IPHONEOS_DEPLOYMENT_TARGET = 7.0;
				ONLY_ACTIVE_ARCH = YES;
				SDKROOT = iphoneos;
			};
			name = Debug;
		};
		37E6EAA917E22BE7004976DC /* Release */ = {
			isa = XCBuildConfiguration;
			buildSettings = {
				ALWAYS_SEARCH_USER_PATHS = NO;
				CLANG_CXX_LANGUAGE_STANDARD = "gnu++0x";
				CLANG_CXX_LIBRARY = "libc++";
				CLANG_ENABLE_MODULES = YES;
				CLANG_ENABLE_OBJC_ARC = YES;
				CLANG_WARN_BOOL_CONVERSION = YES;
				CLANG_WARN_CONSTANT_CONVERSION = YES;
				CLANG_WARN_DIRECT_OBJC_ISA_USAGE = YES_ERROR;
				CLANG_WARN_EMPTY_BODY = YES;
				CLANG_WARN_ENUM_CONVERSION = YES;
				CLANG_WARN_INT_CONVERSION = YES;
				CLANG_WARN_OBJC_ROOT_CLASS = YES_ERROR;
				CLANG_WARN__DUPLICATE_METHOD_MATCH = YES;
				"CODE_SIGN_IDENTITY[sdk=iphoneos*]" = "iPhone Developer";
				COPY_PHASE_STRIP = YES;
				ENABLE_NS_ASSERTIONS = NO;
				GCC_C_LANGUAGE_STANDARD = gnu99;
				GCC_WARN_ABOUT_RETURN_TYPE = YES_ERROR;
				GCC_WARN_UNDECLARED_SELECTOR = YES;
				GCC_WARN_UNINITIALIZED_AUTOS = YES;
				GCC_WARN_UNUSED_FUNCTION = YES;
				GCC_WARN_UNUSED_VARIABLE = YES;
				IPHONEOS_DEPLOYMENT_TARGET = 7.0;
				SDKROOT = iphoneos;
				VALIDATE_PRODUCT = YES;
			};
			name = Release;
		};
		37E6EAAB17E22BE7004976DC /* Debug */ = {
			isa = XCBuildConfiguration;
			buildSettings = {
				ASSETCATALOG_COMPILER_APPICON_NAME = AppIcon;
				ASSETCATALOG_COMPILER_LAUNCHIMAGE_NAME = LaunchImage;
				GCC_PRECOMPILE_PREFIX_HEADER = YES;
				GCC_PREFIX_HEADER = "MWCDCApp/MWCDCApp-Prefix.pch";
				INFOPLIST_FILE = "MWCDCApp/MWCDCApp-Info.plist";
				PRODUCT_NAME = "$(TARGET_NAME)";
				TARGETED_DEVICE_FAMILY = 1;
				WRAPPER_EXTENSION = app;
			};
			name = Debug;
		};
		37E6EAAC17E22BE7004976DC /* Release */ = {
			isa = XCBuildConfiguration;
			buildSettings = {
				ASSETCATALOG_COMPILER_APPICON_NAME = AppIcon;
				ASSETCATALOG_COMPILER_LAUNCHIMAGE_NAME = LaunchImage;
				GCC_PRECOMPILE_PREFIX_HEADER = YES;
				GCC_PREFIX_HEADER = "MWCDCApp/MWCDCApp-Prefix.pch";
				INFOPLIST_FILE = "MWCDCApp/MWCDCApp-Info.plist";
				PRODUCT_NAME = "$(TARGET_NAME)";
				TARGETED_DEVICE_FAMILY = 1;
				WRAPPER_EXTENSION = app;
			};
			name = Release;
		};
		37E6EAAE17E22BE7004976DC /* Debug */ = {
			isa = XCBuildConfiguration;
			buildSettings = {
				BUNDLE_LOADER = "$(BUILT_PRODUCTS_DIR)/MWCDCApp.app/MWCDCApp";
				FRAMEWORK_SEARCH_PATHS = (
					"$(SDKROOT)/Developer/Library/Frameworks",
					"$(inherited)",
					"$(DEVELOPER_FRAMEWORKS_DIR)",
				);
				GCC_PRECOMPILE_PREFIX_HEADER = YES;
				GCC_PREFIX_HEADER = "MWCDCApp/MWCDCApp-Prefix.pch";
				GCC_PREPROCESSOR_DEFINITIONS = (
					"DEBUG=1",
					"$(inherited)",
				);
				INFOPLIST_FILE = "MWCDCAppTests/MWCDCAppTests-Info.plist";
				PRODUCT_NAME = "$(TARGET_NAME)";
				TEST_HOST = "$(BUNDLE_LOADER)";
				WRAPPER_EXTENSION = xctest;
			};
			name = Debug;
		};
		37E6EAAF17E22BE7004976DC /* Release */ = {
			isa = XCBuildConfiguration;
			buildSettings = {
				BUNDLE_LOADER = "$(BUILT_PRODUCTS_DIR)/MWCDCApp.app/MWCDCApp";
				FRAMEWORK_SEARCH_PATHS = (
					"$(SDKROOT)/Developer/Library/Frameworks",
					"$(inherited)",
					"$(DEVELOPER_FRAMEWORKS_DIR)",
				);
				GCC_PRECOMPILE_PREFIX_HEADER = YES;
				GCC_PREFIX_HEADER = "MWCDCApp/MWCDCApp-Prefix.pch";
				INFOPLIST_FILE = "MWCDCAppTests/MWCDCAppTests-Info.plist";
				PRODUCT_NAME = "$(TARGET_NAME)";
				TEST_HOST = "$(BUNDLE_LOADER)";
				WRAPPER_EXTENSION = xctest;
			};
			name = Release;
		};
/* End XCBuildConfiguration section */

/* Begin XCConfigurationList section */
		37E6EA7017E22BE7004976DC /* Build configuration list for PBXProject "MWCDCApp" */ = {
			isa = XCConfigurationList;
			buildConfigurations = (
				37E6EAA817E22BE7004976DC /* Debug */,
				37E6EAA917E22BE7004976DC /* Release */,
			);
			defaultConfigurationIsVisible = 0;
			defaultConfigurationName = Release;
		};
		37E6EAAA17E22BE7004976DC /* Build configuration list for PBXNativeTarget "MWCDCApp" */ = {
			isa = XCConfigurationList;
			buildConfigurations = (
				37E6EAAB17E22BE7004976DC /* Debug */,
				37E6EAAC17E22BE7004976DC /* Release */,
			);
			defaultConfigurationIsVisible = 0;
			defaultConfigurationName = Release;
		};
		37E6EAAD17E22BE7004976DC /* Build configuration list for PBXNativeTarget "MWCDCAppTests" */ = {
			isa = XCConfigurationList;
			buildConfigurations = (
				37E6EAAE17E22BE7004976DC /* Debug */,
				37E6EAAF17E22BE7004976DC /* Release */,
			);
			defaultConfigurationIsVisible = 0;
			defaultConfigurationName = Release;
		};
/* End XCConfigurationList section */
	};
	rootObject = 37E6EA6D17E22BE7004976DC /* Project object */;
}
